
Microsoft Visual Studio Solution File, Format Version 12.00
# Visual Studio Version 16
VisualStudioVersion = 16.0.32929.386
MinimumVisualStudioVersion = 10.0.40219.1
Project("{8BC9CEB8-8B4A-11D0-8D11-00A0C91BC942}") = "ThOCCTUtilsMgd", "ThOCCTUtilsMgd.vcxproj", "{C6E45A12-EAF5-4AF1-9203-AF15C3BB723F}"
EndProject
Global
	GlobalSection(SolutionConfigurationPlatforms) = preSolution
		Debug|x64 = Debug|x64
		Debug|x86 = Debug|x86
		Release|x64 = Release|x64
		Release|x86 = Release|x86
	EndGlobalSection
	GlobalSection(ProjectConfigurationPlatforms) = postSolution
		{C6E45A12-EAF5-4AF1-9203-AF15C3BB723F}.Debug|x64.ActiveCfg = Debug|x64
		{C6E45A12-EAF5-4AF1-9203-AF15C3BB723F}.Debug|x64.Build.0 = Debug|x64
		{C6E45A12-EAF5-4AF1-9203-AF15C3BB723F}.Debug|x86.ActiveCfg = Debug|Win32
		{C6E45A12-EAF5-4AF1-9203-AF15C3BB723F}.Debug|x86.Build.0 = Debug|Win32
		{C6E45A12-EAF5-4AF1-9203-AF15C3BB723F}.Release|x64.ActiveCfg = Release|x64
		{C6E45A12-EAF5-4AF1-9203-AF15C3BB723F}.Release|x64.Build.0 = Release|x64
		{C6E45A12-EAF5-4AF1-9203-AF15C3BB723F}.Release|x86.ActiveCfg = Release|Win32
		{C6E45A12-EAF5-4AF1-9203-AF15C3BB723F}.Release|x86.Build.0 = Release|Win32
	EndGlobalSection
	GlobalSection(SolutionProperties) = preSolution
		HideSolutionNode = FALSE
	EndGlobalSection
	GlobalSection(ExtensibilityGlobals) = postSolution
		SolutionGuid = {2654FD20-5958-4D8D-9BB6-6ABB172DCBB9}
	EndGlobalSection
EndGlobal
